
Microsoft Visual Studio Solution File, Format Version 12.00
# Visual Studio Version 17
VisualStudioVersion = 17.5.33414.496
MinimumVisualStudioVersion = 10.0.40219.1
Project("{FAE04EC0-301F-11D3-BF4B-00C04F79EFBC}") = "BlogDataLibrary", "BlogDataLibrary\BlogDataLibrary.csproj", "{EF7E1B91-AD9F-4AD4-A491-D201B0A19603}"
EndProject
Project("{00D1A9C2-B5F0-4AF3-8072-F6C62B433612}") = "CalinisanBlogDB", "CalinisanBlogDB\CalinisanBlogDB.sqlproj", "{41C8A04C-43CF-4B65-881F-C6186B4324B5}"
EndProject
Project("{FAE04EC0-301F-11D3-BF4B-00C04F79EFBC}") = "BlogTestUI", "BlogTestUI\BlogTestUI.csproj", "{C29AF513-FE2D-488B-BCBA-4EB8BB86F092}"
EndProject
Global
	GlobalSection(SolutionConfigurationPlatforms) = preSolution
		Debug|Any CPU = Debug|Any CPU
		Release|Any CPU = Release|Any CPU
	EndGlobalSection
	GlobalSection(ProjectConfigurationPlatforms) = postSolution
		{EF7E1B91-AD9F-4AD4-A491-D201B0A19603}.Debug|Any CPU.ActiveCfg = Debug|Any CPU
		{EF7E1B91-AD9F-4AD4-A491-D201B0A19603}.Debug|Any CPU.Build.0 = Debug|Any CPU
		{EF7E1B91-AD9F-4AD4-A491-D201B0A19603}.Release|Any CPU.ActiveCfg = Release|Any CPU
		{EF7E1B91-AD9F-4AD4-A491-D201B0A19603}.Release|Any CPU.Build.0 = Release|Any CPU
		{41C8A04C-43CF-4B65-881F-C6186B4324B5}.Debug|Any CPU.ActiveCfg = Debug|Any CPU
		{41C8A04C-43CF-4B65-881F-C6186B4324B5}.Debug|Any CPU.Build.0 = Debug|Any CPU
		{41C8A04C-43CF-4B65-881F-C6186B4324B5}.Debug|Any CPU.Deploy.0 = Debug|Any CPU
		{41C8A04C-43CF-4B65-881F-C6186B4324B5}.Release|Any CPU.ActiveCfg = Release|Any CPU
		{41C8A04C-43CF-4B65-881F-C6186B4324B5}.Release|Any CPU.Build.0 = Release|Any CPU
		{41C8A04C-43CF-4B65-881F-C6186B4324B5}.Release|Any CPU.Deploy.0 = Release|Any CPU
		{C29AF513-FE2D-488B-BCBA-4EB8BB86F092}.Debug|Any CPU.ActiveCfg = Debug|Any CPU
		{C29AF513-FE2D-488B-BCBA-4EB8BB86F092}.Debug|Any CPU.Build.0 = Debug|Any CPU
		{C29AF513-FE2D-488B-BCBA-4EB8BB86F092}.Release|Any CPU.ActiveCfg = Release|Any CPU
		{C29AF513-FE2D-488B-BCBA-4EB8BB86F092}.Release|Any CPU.Build.0 = Release|Any CPU
	EndGlobalSection
	GlobalSection(SolutionProperties) = preSolution
		HideSolutionNode = FALSE
	EndGlobalSection
	GlobalSection(ExtensibilityGlobals) = postSolution
		SolutionGuid = {552C7B7B-885A-49AF-AA55-82FD0C360A92}
	EndGlobalSection
EndGlobal
